
Microsoft Visual Studio Solution File, Format Version 12.00
# Visual Studio 15
VisualStudioVersion = 15.0.27130.2010
MinimumVisualStudioVersion = 10.0.40219.1
Project("{2150E333-8FDC-42A3-9474-1A3956D46DE8}") = "FrontEnd", "FrontEnd", "{16D922E9-E971-4E09-8957-2BEC03950B59}"
EndProject
Project("{2150E333-8FDC-42A3-9474-1A3956D46DE8}") = "Doc", "Doc", "{6B3A06FA-EF30-4CB4-955F-AF7FE2E9C60D}"
EndProject
Project("{2150E333-8FDC-42A3-9474-1A3956D46DE8}") = "Common", "Common", "{24CC1A19-D3EE-4B3E-89EC-012BA4AFD112}"
EndProject
Project("{2150E333-8FDC-42A3-9474-1A3956D46DE8}") = "LogServer", "LogServer", "{11EC931F-CFB3-4395-BB64-1295DBA7CC3D}"
EndProject
Project("{2150E333-8FDC-42A3-9474-1A3956D46DE8}") = "1-Distributed Services", "1-Distributed Services", "{7B1CB514-E30D-4D9D-B0DD-AC31AD7BB543}"
EndProject
Project("{2150E333-8FDC-42A3-9474-1A3956D46DE8}") = "2-Application Services", "2-Application Services", "{4AE3BF33-FE59-4FD2-BB67-E4CB313708C5}"
EndProject
Project("{2150E333-8FDC-42A3-9474-1A3956D46DE8}") = "4-Repository", "4-Repository", "{7ED005CB-4A0C-4E2A-8723-EF98EDC58037}"
EndProject
Project("{9A19103F-16F7-4668-BE54-9A1E7A4F7556}") = "Repository.Dapper.Core", "Common\Repository.Dapper.Core\Repository.Dapper.Core.csproj", "{52B3EA74-1B2C-44B2-A617-9F32B3135818}"
EndProject
Project("{9A19103F-16F7-4668-BE54-9A1E7A4F7556}") = "Repository.EF.Core", "Common\Repository.EF.Core\Repository.EF.Core.csproj", "{2F30368D-2ECE-4833-AE7B-0FDC34BA3102}"
EndProject
Project("{9A19103F-16F7-4668-BE54-9A1E7A4F7556}") = "DDD.Core", "Common\DDD.Core\DDD.Core.csproj", "{FABAFCF3-4A9A-4853-8178-CFA7FC93E8BB}"
EndProject
Project("{9A19103F-16F7-4668-BE54-9A1E7A4F7556}") = "DTO.Core", "Common\DTO.Core\DTO.Core.csproj", "{93CC491E-83CD-47B6-8142-5F4CD28AC614}"
EndProject
Project("{9A19103F-16F7-4668-BE54-9A1E7A4F7556}") = "HostService", "LogServer\HostService\HostService.csproj", "{FBB4AF83-CD4A-4428-8C10-676B2658006A}"
EndProject
Project("{9A19103F-16F7-4668-BE54-9A1E7A4F7556}") = "Application.Interface.SysLog", "LogServer\Application.Interface.SysLog\Application.Interface.SysLog.csproj", "{631D7361-D683-4909-91F1-5C3324DCA282}"
EndProject
Project("{9A19103F-16F7-4668-BE54-9A1E7A4F7556}") = "Application.Service.SysLog", "LogServer\Application.Service.SysLog\Application.Service.SysLog.csproj", "{53D00367-E40B-472A-935F-4C27B5762128}"
EndProject
Project("{2150E333-8FDC-42A3-9474-1A3956D46DE8}") = "AuthServer", "AuthServer", "{1AFE40BE-F129-457C-AA23-C9A19D6ADF4F}"
EndProject
Project("{2150E333-8FDC-42A3-9474-1A3956D46DE8}") = "1-Distributed Services", "1-Distributed Services", "{0AB757EA-7849-4461-9849-40D49B3E86ED}"
EndProject
Project("{9A19103F-16F7-4668-BE54-9A1E7A4F7556}") = "HostService", "AuthServer\HostService\HostService.csproj", "{6313CF74-D8EE-4D18-93FD-6F2DAC33D90E}"
EndProject
Project("{2150E333-8FDC-42A3-9474-1A3956D46DE8}") = "2-Application Services", "2-Application Services", "{904FEED6-3597-4BFB-9BF3-5DA54DC705A3}"
EndProject
Project("{9A19103F-16F7-4668-BE54-9A1E7A4F7556}") = "Application.Interface.Auth", "AuthServer\Application.Interface.Auth\Application.Interface.Auth.csproj", "{936B0D84-8B2A-4DEA-A287-0290EC64C017}"
EndProject
Project("{9A19103F-16F7-4668-BE54-9A1E7A4F7556}") = "Application.Service.Auth", "AuthServer\Application.Service.Auth\Application.Service.Auth.csproj", "{6E4677D6-60A5-4868-B92A-6FE8FF1714D2}"
EndProject
Project("{2150E333-8FDC-42A3-9474-1A3956D46DE8}") = "4-Repository", "4-Repository", "{95507E5B-2725-4263-93A0-4DF88A32C9D1}"
EndProject
Project("{2150E333-8FDC-42A3-9474-1A3956D46DE8}") = "OrgServer", "OrgServer", "{6850BB45-B72B-45FD-969B-58A5852FE52D}"
EndProject
Project("{2150E333-8FDC-42A3-9474-1A3956D46DE8}") = "1-Distributed Services", "1-Distributed Services", "{977B9CD7-FA17-417F-8577-2A13E7D6AFB9}"
EndProject
Project("{2150E333-8FDC-42A3-9474-1A3956D46DE8}") = "2-Application Services", "2-Application Services", "{7F1BD8CD-4F80-4586-B3BE-B8B159E224A5}"
EndProject
Project("{2150E333-8FDC-42A3-9474-1A3956D46DE8}") = "4-Repository", "4-Repository", "{27935240-E1E5-4D55-AFA2-27AA92681789}"
EndProject
Project("{9A19103F-16F7-4668-BE54-9A1E7A4F7556}") = "HostService", "OrgServer\HostService\HostService.csproj", "{C19A5D2C-8E75-41AE-A1FF-D63D25CB98A0}"
EndProject
Project("{9A19103F-16F7-4668-BE54-9A1E7A4F7556}") = "Application.Interface.Org", "OrgServer\Application.Interface.Org\Application.Interface.Org.csproj", "{F47E8649-62A3-4B7F-8B81-13E995D17DAF}"
EndProject
Project("{9A19103F-16F7-4668-BE54-9A1E7A4F7556}") = "Application.Service.Org", "OrgServer\Application.Service.Org\Application.Service.Org.csproj", "{797C2369-5E7D-4CA3-8AAC-15BE4604E7C7}"
EndProject
Project("{9A19103F-16F7-4668-BE54-9A1E7A4F7556}") = "App.Core", "Common\App.Core\App.Core.csproj", "{027BA86B-43EE-4825-A3E3-A988F847A1CA}"
EndProject
Project("{2150E333-8FDC-42A3-9474-1A3956D46DE8}") = "3-Domain", "3-Domain", "{9924D2D9-6D66-44CA-B5F8-9A46ACD637C5}"
EndProject
Project("{9A19103F-16F7-4668-BE54-9A1E7A4F7556}") = "Domain.Org", "OrgServer\Domain\Domain.Org.csproj", "{F44DCA50-03E6-46CF-9694-E15915C9F443}"
EndProject
Project("{2150E333-8FDC-42A3-9474-1A3956D46DE8}") = "3-Domain", "3-Domain", "{13D4465F-E298-46DD-822D-048BCF99CC47}"
EndProject
Project("{9A19103F-16F7-4668-BE54-9A1E7A4F7556}") = "Domain.Auth", "AuthServer\Domain\Domain.Auth.csproj", "{2D571933-83F7-4D36-A0DB-3A47EAC64930}"
EndProject
Project("{9A19103F-16F7-4668-BE54-9A1E7A4F7556}") = "Repository.Auth", "AuthServer\Repository.Auth\Repository.Auth.csproj", "{543EEE3D-7A8D-44F1-86AB-B5EADB3579B2}"
EndProject
Project("{9A19103F-16F7-4668-BE54-9A1E7A4F7556}") = "Repository.Org", "OrgServer\Repository.Org\Repository.Org.csproj", "{B884CB7A-70E7-4710-A49A-3F22E90BBF1E}"
EndProject
Project("{9A19103F-16F7-4668-BE54-9A1E7A4F7556}") = "Config.Core", "Common\Config.Core\Config.Core.csproj", "{91E42C03-C901-4085-A89F-B6BEED95E25F}"
EndProject
Project("{9A19103F-16F7-4668-BE54-9A1E7A4F7556}") = "GateWay.WebApi", "GateWay.WebApi\GateWay.WebApi.csproj", "{49370CFD-21BC-4B4E-8AB9-8CC8B18C3180}"
EndProject
Global
	GlobalSection(SolutionConfigurationPlatforms) = preSolution
		Debug|Any CPU = Debug|Any CPU
		Release|Any CPU = Release|Any CPU
	EndGlobalSection
	GlobalSection(ProjectConfigurationPlatforms) = postSolution
		{52B3EA74-1B2C-44B2-A617-9F32B3135818}.Debug|Any CPU.ActiveCfg = Debug|Any CPU
		{52B3EA74-1B2C-44B2-A617-9F32B3135818}.Debug|Any CPU.Build.0 = Debug|Any CPU
		{52B3EA74-1B2C-44B2-A617-9F32B3135818}.Release|Any CPU.ActiveCfg = Release|Any CPU
		{52B3EA74-1B2C-44B2-A617-9F32B3135818}.Release|Any CPU.Build.0 = Release|Any CPU
		{2F30368D-2ECE-4833-AE7B-0FDC34BA3102}.Debug|Any CPU.ActiveCfg = Debug|Any CPU
		{2F30368D-2ECE-4833-AE7B-0FDC34BA3102}.Debug|Any CPU.Build.0 = Debug|Any CPU
		{2F30368D-2ECE-4833-AE7B-0FDC34BA3102}.Release|Any CPU.ActiveCfg = Release|Any CPU
		{2F30368D-2ECE-4833-AE7B-0FDC34BA3102}.Release|Any CPU.Build.0 = Release|Any CPU
		{FABAFCF3-4A9A-4853-8178-CFA7FC93E8BB}.Debug|Any CPU.ActiveCfg = Debug|Any CPU
		{FABAFCF3-4A9A-4853-8178-CFA7FC93E8BB}.Debug|Any CPU.Build.0 = Debug|Any CPU
		{FABAFCF3-4A9A-4853-8178-CFA7FC93E8BB}.Release|Any CPU.ActiveCfg = Release|Any CPU
		{FABAFCF3-4A9A-4853-8178-CFA7FC93E8BB}.Release|Any CPU.Build.0 = Release|Any CPU
		{93CC491E-83CD-47B6-8142-5F4CD28AC614}.Debug|Any CPU.ActiveCfg = Debug|Any CPU
		{93CC491E-83CD-47B6-8142-5F4CD28AC614}.Debug|Any CPU.Build.0 = Debug|Any CPU
		{93CC491E-83CD-47B6-8142-5F4CD28AC614}.Release|Any CPU.ActiveCfg = Release|Any CPU
		{93CC491E-83CD-47B6-8142-5F4CD28AC614}.Release|Any CPU.Build.0 = Release|Any CPU
		{FBB4AF83-CD4A-4428-8C10-676B2658006A}.Debug|Any CPU.ActiveCfg = Debug|Any CPU
		{FBB4AF83-CD4A-4428-8C10-676B2658006A}.Debug|Any CPU.Build.0 = Debug|Any CPU
		{FBB4AF83-CD4A-4428-8C10-676B2658006A}.Release|Any CPU.ActiveCfg = Release|Any CPU
		{FBB4AF83-CD4A-4428-8C10-676B2658006A}.Release|Any CPU.Build.0 = Release|Any CPU
		{631D7361-D683-4909-91F1-5C3324DCA282}.Debug|Any CPU.ActiveCfg = Debug|Any CPU
		{631D7361-D683-4909-91F1-5C3324DCA282}.Debug|Any CPU.Build.0 = Debug|Any CPU
		{631D7361-D683-4909-91F1-5C3324DCA282}.Release|Any CPU.ActiveCfg = Release|Any CPU
		{631D7361-D683-4909-91F1-5C3324DCA282}.Release|Any CPU.Build.0 = Release|Any CPU
		{53D00367-E40B-472A-935F-4C27B5762128}.Debug|Any CPU.ActiveCfg = Debug|Any CPU
		{53D00367-E40B-472A-935F-4C27B5762128}.Debug|Any CPU.Build.0 = Debug|Any CPU
		{53D00367-E40B-472A-935F-4C27B5762128}.Release|Any CPU.ActiveCfg = Release|Any CPU
		{53D00367-E40B-472A-935F-4C27B5762128}.Release|Any CPU.Build.0 = Release|Any CPU
		{6313CF74-D8EE-4D18-93FD-6F2DAC33D90E}.Debug|Any CPU.ActiveCfg = Debug|Any CPU
		{6313CF74-D8EE-4D18-93FD-6F2DAC33D90E}.Debug|Any CPU.Build.0 = Debug|Any CPU
		{6313CF74-D8EE-4D18-93FD-6F2DAC33D90E}.Release|Any CPU.ActiveCfg = Release|Any CPU
		{6313CF74-D8EE-4D18-93FD-6F2DAC33D90E}.Release|Any CPU.Build.0 = Release|Any CPU
		{936B0D84-8B2A-4DEA-A287-0290EC64C017}.Debug|Any CPU.ActiveCfg = Debug|Any CPU
		{936B0D84-8B2A-4DEA-A287-0290EC64C017}.Debug|Any CPU.Build.0 = Debug|Any CPU
		{936B0D84-8B2A-4DEA-A287-0290EC64C017}.Release|Any CPU.ActiveCfg = Release|Any CPU
		{936B0D84-8B2A-4DEA-A287-0290EC64C017}.Release|Any CPU.Build.0 = Release|Any CPU
		{6E4677D6-60A5-4868-B92A-6FE8FF1714D2}.Debug|Any CPU.ActiveCfg = Debug|Any CPU
		{6E4677D6-60A5-4868-B92A-6FE8FF1714D2}.Debug|Any CPU.Build.0 = Debug|Any CPU
		{6E4677D6-60A5-4868-B92A-6FE8FF1714D2}.Release|Any CPU.ActiveCfg = Release|Any CPU
		{6E4677D6-60A5-4868-B92A-6FE8FF1714D2}.Release|Any CPU.Build.0 = Release|Any CPU
		{C19A5D2C-8E75-41AE-A1FF-D63D25CB98A0}.Debug|Any CPU.ActiveCfg = Debug|Any CPU
		{C19A5D2C-8E75-41AE-A1FF-D63D25CB98A0}.Debug|Any CPU.Build.0 = Debug|Any CPU
		{C19A5D2C-8E75-41AE-A1FF-D63D25CB98A0}.Release|Any CPU.ActiveCfg = Release|Any CPU
		{C19A5D2C-8E75-41AE-A1FF-D63D25CB98A0}.Release|Any CPU.Build.0 = Release|Any CPU
		{F47E8649-62A3-4B7F-8B81-13E995D17DAF}.Debug|Any CPU.ActiveCfg = Debug|Any CPU
		{F47E8649-62A3-4B7F-8B81-13E995D17DAF}.Debug|Any CPU.Build.0 = Debug|Any CPU
		{F47E8649-62A3-4B7F-8B81-13E995D17DAF}.Release|Any CPU.ActiveCfg = Release|Any CPU
		{F47E8649-62A3-4B7F-8B81-13E995D17DAF}.Release|Any CPU.Build.0 = Release|Any CPU
		{797C2369-5E7D-4CA3-8AAC-15BE4604E7C7}.Debug|Any CPU.ActiveCfg = Debug|Any CPU
		{797C2369-5E7D-4CA3-8AAC-15BE4604E7C7}.Debug|Any CPU.Build.0 = Debug|Any CPU
		{797C2369-5E7D-4CA3-8AAC-15BE4604E7C7}.Release|Any CPU.ActiveCfg = Release|Any CPU
		{797C2369-5E7D-4CA3-8AAC-15BE4604E7C7}.Release|Any CPU.Build.0 = Release|Any CPU
		{027BA86B-43EE-4825-A3E3-A988F847A1CA}.Debug|Any CPU.ActiveCfg = Debug|Any CPU
		{027BA86B-43EE-4825-A3E3-A988F847A1CA}.Debug|Any CPU.Build.0 = Debug|Any CPU
		{027BA86B-43EE-4825-A3E3-A988F847A1CA}.Release|Any CPU.ActiveCfg = Release|Any CPU
		{027BA86B-43EE-4825-A3E3-A988F847A1CA}.Release|Any CPU.Build.0 = Release|Any CPU
		{F44DCA50-03E6-46CF-9694-E15915C9F443}.Debug|Any CPU.ActiveCfg = Debug|Any CPU
		{F44DCA50-03E6-46CF-9694-E15915C9F443}.Debug|Any CPU.Build.0 = Debug|Any CPU
		{F44DCA50-03E6-46CF-9694-E15915C9F443}.Release|Any CPU.ActiveCfg = Release|Any CPU
		{F44DCA50-03E6-46CF-9694-E15915C9F443}.Release|Any CPU.Build.0 = Release|Any CPU
		{2D571933-83F7-4D36-A0DB-3A47EAC64930}.Debug|Any CPU.ActiveCfg = Debug|Any CPU
		{2D571933-83F7-4D36-A0DB-3A47EAC64930}.Debug|Any CPU.Build.0 = Debug|Any CPU
		{2D571933-83F7-4D36-A0DB-3A47EAC64930}.Release|Any CPU.ActiveCfg = Release|Any CPU
		{2D571933-83F7-4D36-A0DB-3A47EAC64930}.Release|Any CPU.Build.0 = Release|Any CPU
		{543EEE3D-7A8D-44F1-86AB-B5EADB3579B2}.Debug|Any CPU.ActiveCfg = Debug|Any CPU
		{543EEE3D-7A8D-44F1-86AB-B5EADB3579B2}.Debug|Any CPU.Build.0 = Debug|Any CPU
		{543EEE3D-7A8D-44F1-86AB-B5EADB3579B2}.Release|Any CPU.ActiveCfg = Release|Any CPU
		{543EEE3D-7A8D-44F1-86AB-B5EADB3579B2}.Release|Any CPU.Build.0 = Release|Any CPU
		{B884CB7A-70E7-4710-A49A-3F22E90BBF1E}.Debug|Any CPU.ActiveCfg = Debug|Any CPU
		{B884CB7A-70E7-4710-A49A-3F22E90BBF1E}.Debug|Any CPU.Build.0 = Debug|Any CPU
		{B884CB7A-70E7-4710-A49A-3F22E90BBF1E}.Release|Any CPU.ActiveCfg = Release|Any CPU
		{B884CB7A-70E7-4710-A49A-3F22E90BBF1E}.Release|Any CPU.Build.0 = Release|Any CPU
		{91E42C03-C901-4085-A89F-B6BEED95E25F}.Debug|Any CPU.ActiveCfg = Debug|Any CPU
		{91E42C03-C901-4085-A89F-B6BEED95E25F}.Debug|Any CPU.Build.0 = Debug|Any CPU
		{91E42C03-C901-4085-A89F-B6BEED95E25F}.Release|Any CPU.ActiveCfg = Release|Any CPU
		{91E42C03-C901-4085-A89F-B6BEED95E25F}.Release|Any CPU.Build.0 = Release|Any CPU
		{49370CFD-21BC-4B4E-8AB9-8CC8B18C3180}.Debug|Any CPU.ActiveCfg = Debug|Any CPU
		{49370CFD-21BC-4B4E-8AB9-8CC8B18C3180}.Debug|Any CPU.Build.0 = Debug|Any CPU
		{49370CFD-21BC-4B4E-8AB9-8CC8B18C3180}.Release|Any CPU.ActiveCfg = Release|Any CPU
		{49370CFD-21BC-4B4E-8AB9-8CC8B18C3180}.Release|Any CPU.Build.0 = Release|Any CPU
	EndGlobalSection
	GlobalSection(SolutionProperties) = preSolution
		HideSolutionNode = FALSE
	EndGlobalSection
	GlobalSection(NestedProjects) = preSolution
		{7B1CB514-E30D-4D9D-B0DD-AC31AD7BB543} = {11EC931F-CFB3-4395-BB64-1295DBA7CC3D}
		{4AE3BF33-FE59-4FD2-BB67-E4CB313708C5} = {11EC931F-CFB3-4395-BB64-1295DBA7CC3D}
		{7ED005CB-4A0C-4E2A-8723-EF98EDC58037} = {11EC931F-CFB3-4395-BB64-1295DBA7CC3D}
		{52B3EA74-1B2C-44B2-A617-9F32B3135818} = {24CC1A19-D3EE-4B3E-89EC-012BA4AFD112}
		{2F30368D-2ECE-4833-AE7B-0FDC34BA3102} = {24CC1A19-D3EE-4B3E-89EC-012BA4AFD112}
		{FABAFCF3-4A9A-4853-8178-CFA7FC93E8BB} = {24CC1A19-D3EE-4B3E-89EC-012BA4AFD112}
		{93CC491E-83CD-47B6-8142-5F4CD28AC614} = {24CC1A19-D3EE-4B3E-89EC-012BA4AFD112}
		{FBB4AF83-CD4A-4428-8C10-676B2658006A} = {7B1CB514-E30D-4D9D-B0DD-AC31AD7BB543}
		{631D7361-D683-4909-91F1-5C3324DCA282} = {4AE3BF33-FE59-4FD2-BB67-E4CB313708C5}
		{53D00367-E40B-472A-935F-4C27B5762128} = {4AE3BF33-FE59-4FD2-BB67-E4CB313708C5}
		{0AB757EA-7849-4461-9849-40D49B3E86ED} = {1AFE40BE-F129-457C-AA23-C9A19D6ADF4F}
		{6313CF74-D8EE-4D18-93FD-6F2DAC33D90E} = {0AB757EA-7849-4461-9849-40D49B3E86ED}
		{904FEED6-3597-4BFB-9BF3-5DA54DC705A3} = {1AFE40BE-F129-457C-AA23-C9A19D6ADF4F}
		{936B0D84-8B2A-4DEA-A287-0290EC64C017} = {904FEED6-3597-4BFB-9BF3-5DA54DC705A3}
		{6E4677D6-60A5-4868-B92A-6FE8FF1714D2} = {904FEED6-3597-4BFB-9BF3-5DA54DC705A3}
		{95507E5B-2725-4263-93A0-4DF88A32C9D1} = {1AFE40BE-F129-457C-AA23-C9A19D6ADF4F}
		{977B9CD7-FA17-417F-8577-2A13E7D6AFB9} = {6850BB45-B72B-45FD-969B-58A5852FE52D}
		{7F1BD8CD-4F80-4586-B3BE-B8B159E224A5} = {6850BB45-B72B-45FD-969B-58A5852FE52D}
		{27935240-E1E5-4D55-AFA2-27AA92681789} = {6850BB45-B72B-45FD-969B-58A5852FE52D}
		{C19A5D2C-8E75-41AE-A1FF-D63D25CB98A0} = {977B9CD7-FA17-417F-8577-2A13E7D6AFB9}
		{F47E8649-62A3-4B7F-8B81-13E995D17DAF} = {7F1BD8CD-4F80-4586-B3BE-B8B159E224A5}
		{797C2369-5E7D-4CA3-8AAC-15BE4604E7C7} = {7F1BD8CD-4F80-4586-B3BE-B8B159E224A5}
		{027BA86B-43EE-4825-A3E3-A988F847A1CA} = {24CC1A19-D3EE-4B3E-89EC-012BA4AFD112}
		{9924D2D9-6D66-44CA-B5F8-9A46ACD637C5} = {6850BB45-B72B-45FD-969B-58A5852FE52D}
		{F44DCA50-03E6-46CF-9694-E15915C9F443} = {9924D2D9-6D66-44CA-B5F8-9A46ACD637C5}
		{13D4465F-E298-46DD-822D-048BCF99CC47} = {1AFE40BE-F129-457C-AA23-C9A19D6ADF4F}
		{2D571933-83F7-4D36-A0DB-3A47EAC64930} = {13D4465F-E298-46DD-822D-048BCF99CC47}
		{543EEE3D-7A8D-44F1-86AB-B5EADB3579B2} = {95507E5B-2725-4263-93A0-4DF88A32C9D1}
		{B884CB7A-70E7-4710-A49A-3F22E90BBF1E} = {27935240-E1E5-4D55-AFA2-27AA92681789}
		{91E42C03-C901-4085-A89F-B6BEED95E25F} = {24CC1A19-D3EE-4B3E-89EC-012BA4AFD112}
		{49370CFD-21BC-4B4E-8AB9-8CC8B18C3180} = {16D922E9-E971-4E09-8957-2BEC03950B59}
	EndGlobalSection
	GlobalSection(ExtensibilityGlobals) = postSolution
		SolutionGuid = {9536404C-EF7E-42FF-A785-CAADEA7C08A5}
	EndGlobalSection
EndGlobal
