
Microsoft Visual Studio Solution File, Format Version 12.00
# Visual Studio Version 16
VisualStudioVersion = 16.0.28527.54
MinimumVisualStudioVersion = 10.0.40219.1
Project("{9A19103F-16F7-4668-BE54-9A1E7A4F7556}") = "Surging.Core.Common", "Surging.Core\Surging.Core.Common\Surging.Core.Common.csproj", "{F9B2DBAE-34D5-4CF0-9CBB-67A87580BB6A}"
EndProject
Project("{2150E333-8FDC-42A3-9474-1A3956D46DE8}") = "Surging.Core", "Surging.Core", "{E3ADE8DE-5F3A-4E76-B22F-2C9435AACA06}"
EndProject
Project("{2150E333-8FDC-42A3-9474-1A3956D46DE8}") = "Surging.Modules", "Surging.Modules", "{CAC2EAD5-5AC7-44A2-9705-F2D8D3012A6F}"
EndProject
Project("{2150E333-8FDC-42A3-9474-1A3956D46DE8}") = "Surging.Services", "Surging.Services", "{30ADB177-C82F-49A7-8FA7-C32996543C4A}"
EndProject
Project("{2150E333-8FDC-42A3-9474-1A3956D46DE8}") = "Surging.IModuleServices", "Surging.IModuleServices", "{F65BE227-30B5-4217-AEC8-AD7F96411702}"
EndProject
Project("{9A19103F-16F7-4668-BE54-9A1E7A4F7556}") = "Surging.Core.Caching", "Surging.Core\Surging.Core.Caching\Surging.Core.Caching.csproj", "{88A39824-6367-4809-900A-C1E8BCC08B9D}"
EndProject
Project("{9A19103F-16F7-4668-BE54-9A1E7A4F7556}") = "Surging.Core.DotNetty", "Surging.Core\Surging.Core.DotNetty\Surging.Core.DotNetty.csproj", "{38040915-5F97-4C51-9DFD-7D53EF544293}"
EndProject
Project("{9A19103F-16F7-4668-BE54-9A1E7A4F7556}") = "Surging.IModuleServices.Common", "Surging.IModuleServices\Surging.IModuleServices.Common\Surging.IModuleServices.Common.csproj", "{D7EE7A21-8ADE-4D06-85BC-EF599F5A10AA}"
EndProject
Project("{9A19103F-16F7-4668-BE54-9A1E7A4F7556}") = "Surging.Modules.Common", "Surging.Modules\Surging.Modules.Common\Surging.Modules.Common.csproj", "{4DECDA1A-1014-4A4E-B60D-AD51314EEE63}"
EndProject
Project("{9A19103F-16F7-4668-BE54-9A1E7A4F7556}") = "Surging.Core.ProxyGenerator", "Surging.Core\Surging.Core.ProxyGenerator\Surging.Core.ProxyGenerator.csproj", "{E8EEF135-302C-444E-8557-5397C52133F0}"
EndProject
Project("{9A19103F-16F7-4668-BE54-9A1E7A4F7556}") = "Surging.Core.Zookeeper", "Surging.Core\Surging.Core.Zookeeper\Surging.Core.Zookeeper.csproj", "{5368D0CE-6158-43A6-A2A0-03CB94775D8D}"
EndProject
Project("{9A19103F-16F7-4668-BE54-9A1E7A4F7556}") = "Surging.Core.CPlatform", "Surging.Core\Surging.Core.CPlatform\Surging.Core.CPlatform.csproj", "{4D97446B-5E54-482C-ABAE-857577274B0B}"
EndProject
Project("{9A19103F-16F7-4668-BE54-9A1E7A4F7556}") = "Surging.Core.EventBusRabbitMQ", "Surging.Core\Surging.Core.EventBusRabbitMQ\Surging.Core.EventBusRabbitMQ.csproj", "{EE2A8BC3-CA17-4C22-A873-19927BAFB009}"
EndProject
Project("{9A19103F-16F7-4668-BE54-9A1E7A4F7556}") = "Surging.ApiGateway", "Surging.ApiGateway\Surging.ApiGateway.csproj", "{70FC4EE8-AC84-4774-BC0E-DE26A4B743B1}"
EndProject
Project("{9A19103F-16F7-4668-BE54-9A1E7A4F7556}") = "Surging.Core.ApiGateWay", "Surging.Core\Surging.Core.ApiGateWay\Surging.Core.ApiGateWay.csproj", "{58E21930-A34E-4669-89F6-9322C4847E6D}"
EndProject
Project("{9A19103F-16F7-4668-BE54-9A1E7A4F7556}") = "Surging.Core.ServiceHosting", "Surging.Core\Surging.Core.ServiceHosting\Surging.Core.ServiceHosting.csproj", "{610D8A1D-719B-4ADB-B06F-662EA2C7013F}"
EndProject
Project("{9A19103F-16F7-4668-BE54-9A1E7A4F7556}") = "Surging.Core.Consul", "Surging.Core\Surging.Core.Consul\Surging.Core.Consul.csproj", "{F467EA55-5779-46B6-87E4-00476DE2C401}"
EndProject
Project("{9A19103F-16F7-4668-BE54-9A1E7A4F7556}") = "Surging.Core.Codec.ProtoBuffer", "Surging.Core\Surging.Core.Codec.ProtoBuffer\Surging.Core.Codec.ProtoBuffer.csproj", "{50BA075B-6DD7-419E-B3AD-4876BE930BD5}"
EndProject
Project("{9A19103F-16F7-4668-BE54-9A1E7A4F7556}") = "Surging.Core.Codec.MessagePack", "Surging.Core\Surging.Core.Codec.MessagePack\Surging.Core.Codec.MessagePack.csproj", "{1059AE4E-7391-4AC9-AECE-4B4FBE3AA243}"
EndProject
Project("{9A19103F-16F7-4668-BE54-9A1E7A4F7556}") = "Surging.Core.Log4net", "Surging.Core\Surging.Core.Log4net\Surging.Core.Log4net.csproj", "{9A8C2055-997D-4F95-8FA3-5F01F0402923}"
EndProject
Project("{9A19103F-16F7-4668-BE54-9A1E7A4F7556}") = "Surging.Core.EventBusKafka", "Surging.Core\Surging.Core.EventBusKafka\Surging.Core.EventBusKafka.csproj", "{A93EE1A1-A939-425C-A074-5DAD39BE9EE0}"
EndProject
Project("{9A19103F-16F7-4668-BE54-9A1E7A4F7556}") = "Surging.Modules.Manager", "Surging.Modules\Surging.Modules.Manager\Surging.Modules.Manager.csproj", "{AF8FAB5B-029E-438F-AD57-B46681046D3F}"
EndProject
Project("{9A19103F-16F7-4668-BE54-9A1E7A4F7556}") = "Surging.IModuleServices.Manager", "Surging.IModuleServices\Surging.IModuleServices.Manger\Surging.IModuleServices.Manager.csproj", "{78F64412-7403-449C-8AC4-C5C0A58E4A0E}"
EndProject
Project("{9A19103F-16F7-4668-BE54-9A1E7A4F7556}") = "Surging.Core.Nlog", "Surging.Core\Surging.Core.NLog\Surging.Core.Nlog.csproj", "{704B35B0-9029-46CE-AEA2-A3A3AD3FC2C4}"
EndProject
Project("{9A19103F-16F7-4668-BE54-9A1E7A4F7556}") = "Surging.Core.Protocol.Http", "Surging.Core\Surging.Core.Protocol.Http\Surging.Core.Protocol.Http.csproj", "{8B85B3BF-E35A-4CAD-AC82-B8AB1DE72737}"
EndProject
Project("{2150E333-8FDC-42A3-9474-1A3956D46DE8}") = "WebSocket", "WebSocket", "{CF034401-1479-4FEA-9F1E-4F22398D4BCF}"
EndProject
Project("{9A19103F-16F7-4668-BE54-9A1E7A4F7556}") = "WebSocketCore", "WebSocket\WebSocketCore\WebSocketCore.csproj", "{7A5A4B14-5EC7-48AC-B1FF-2ECF44C5DB80}"
EndProject
Project("{9A19103F-16F7-4668-BE54-9A1E7A4F7556}") = "Surging.Core.Protocol.WS", "Surging.Core\Surging.Core.Protocol.WS\Surging.Core.Protocol.WS.csproj", "{EAAF2903-BE4E-4190-8AE8-D535255B3348}"
EndProject
Project("{9A19103F-16F7-4668-BE54-9A1E7A4F7556}") = "Surging.Core.KestrelHttpServer", "Surging.Core\Surging.Core.KestrelHttpServer\Surging.Core.KestrelHttpServer.csproj", "{B179376F-9319-4EBF-B986-471C68E35863}"
EndProject
Project("{9A19103F-16F7-4668-BE54-9A1E7A4F7556}") = "Surging.Core.System", "Surging.Core\Surging.Core.System\Surging.Core.System.csproj", "{B89155F2-D532-4B3A-8F82-26DF4D277E71}"
EndProject
Project("{9A19103F-16F7-4668-BE54-9A1E7A4F7556}") = "Surging.Services.Client", "Surging.Services\Surging.Services.Client\Surging.Services.Client.csproj", "{5846D387-8371-4E49-97B7-2B5E688FC0FD}"
EndProject
Project("{9A19103F-16F7-4668-BE54-9A1E7A4F7556}") = "Surging.Services.Server", "Surging.Services\Surging.Services.Server\Surging.Services.Server.csproj", "{A8C605D7-3552-44D8-AD8D-4EA08B68CF33}"
EndProject
Project("{9A19103F-16F7-4668-BE54-9A1E7A4F7556}") = "Surging.Core.Protocol.Mqtt", "Surging.Core\Surging.Core.Protocol.Mqtt\Surging.Core.Protocol.Mqtt.csproj", "{A0502179-D200-49AE-9897-A6B189A75B45}"
EndProject
Project("{9A19103F-16F7-4668-BE54-9A1E7A4F7556}") = "Surging.Web", "Surging.Web\Surging.Web.csproj", "{B94ADCF5-E80F-4350-918D-4205B8C2F41B}"
EndProject
Project("{2150E333-8FDC-42A3-9474-1A3956D46DE8}") = "DotNetty.Codecs", "DotNetty.Codecs", "{C76A8400-CEFF-4E68-B632-CC4E888C6A31}"
EndProject
Project("{9A19103F-16F7-4668-BE54-9A1E7A4F7556}") = "DotNetty.Codecs.DNS", "DotNetty.Codecs\DotNetty.Codecs.DNS\DotNetty.Codecs.DNS.csproj", "{A3B75BE5-A26A-46AC-9C1F-64CDCB2D413B}"
EndProject
Project("{9A19103F-16F7-4668-BE54-9A1E7A4F7556}") = "Surging.Core.DNS", "Surging.Core\Surging.Core.DNS\Surging.Core.DNS.csproj", "{3FA2B587-8490-4874-8318-84C1CBA2B111}"
EndProject
Project("{9A19103F-16F7-4668-BE54-9A1E7A4F7556}") = "Surging.Core.Swagger", "Surging.Core\Surging.Core.Swagger\Surging.Core.Swagger.csproj", "{F824A598-F19F-4A32-A28E-FF2FE96EFC10}"
EndProject
Project("{9A19103F-16F7-4668-BE54-9A1E7A4F7556}") = "Surging.Core.Abp", "Surging.Core\Surging.Core.Abp\Surging.Core.Abp.csproj", "{00BFD602-245D-4052-8B8C-7AA319BBD567}"
EndProject
Project("{9A19103F-16F7-4668-BE54-9A1E7A4F7556}") = "Surging.Core.AutoMapper", "Surging.Core\Surging.Core.AutoMapper\Surging.Core.AutoMapper.csproj", "{8D796D5A-9FC6-491B-906D-50B2AABAECF3}"
EndProject
Global
	GlobalSection(SolutionConfigurationPlatforms) = preSolution
		Debug|Any CPU = Debug|Any CPU
		Release|Any CPU = Release|Any CPU
	EndGlobalSection
	GlobalSection(ProjectConfigurationPlatforms) = postSolution
		{F9B2DBAE-34D5-4CF0-9CBB-67A87580BB6A}.Debug|Any CPU.ActiveCfg = Debug|Any CPU
		{F9B2DBAE-34D5-4CF0-9CBB-67A87580BB6A}.Debug|Any CPU.Build.0 = Debug|Any CPU
		{F9B2DBAE-34D5-4CF0-9CBB-67A87580BB6A}.Release|Any CPU.ActiveCfg = Release|Any CPU
		{F9B2DBAE-34D5-4CF0-9CBB-67A87580BB6A}.Release|Any CPU.Build.0 = Release|Any CPU
		{88A39824-6367-4809-900A-C1E8BCC08B9D}.Debug|Any CPU.ActiveCfg = Debug|Any CPU
		{88A39824-6367-4809-900A-C1E8BCC08B9D}.Debug|Any CPU.Build.0 = Debug|Any CPU
		{88A39824-6367-4809-900A-C1E8BCC08B9D}.Release|Any CPU.ActiveCfg = Release|Any CPU
		{88A39824-6367-4809-900A-C1E8BCC08B9D}.Release|Any CPU.Build.0 = Release|Any CPU
		{38040915-5F97-4C51-9DFD-7D53EF544293}.Debug|Any CPU.ActiveCfg = Debug|Any CPU
		{38040915-5F97-4C51-9DFD-7D53EF544293}.Debug|Any CPU.Build.0 = Debug|Any CPU
		{38040915-5F97-4C51-9DFD-7D53EF544293}.Release|Any CPU.ActiveCfg = Release|Any CPU
		{38040915-5F97-4C51-9DFD-7D53EF544293}.Release|Any CPU.Build.0 = Release|Any CPU
		{D7EE7A21-8ADE-4D06-85BC-EF599F5A10AA}.Debug|Any CPU.ActiveCfg = Debug|Any CPU
		{D7EE7A21-8ADE-4D06-85BC-EF599F5A10AA}.Debug|Any CPU.Build.0 = Debug|Any CPU
		{D7EE7A21-8ADE-4D06-85BC-EF599F5A10AA}.Release|Any CPU.ActiveCfg = Release|Any CPU
		{D7EE7A21-8ADE-4D06-85BC-EF599F5A10AA}.Release|Any CPU.Build.0 = Release|Any CPU
		{4DECDA1A-1014-4A4E-B60D-AD51314EEE63}.Debug|Any CPU.ActiveCfg = Debug|Any CPU
		{4DECDA1A-1014-4A4E-B60D-AD51314EEE63}.Debug|Any CPU.Build.0 = Debug|Any CPU
		{4DECDA1A-1014-4A4E-B60D-AD51314EEE63}.Release|Any CPU.ActiveCfg = Release|Any CPU
		{4DECDA1A-1014-4A4E-B60D-AD51314EEE63}.Release|Any CPU.Build.0 = Release|Any CPU
		{E8EEF135-302C-444E-8557-5397C52133F0}.Debug|Any CPU.ActiveCfg = Debug|Any CPU
		{E8EEF135-302C-444E-8557-5397C52133F0}.Debug|Any CPU.Build.0 = Debug|Any CPU
		{E8EEF135-302C-444E-8557-5397C52133F0}.Release|Any CPU.ActiveCfg = Release|Any CPU
		{E8EEF135-302C-444E-8557-5397C52133F0}.Release|Any CPU.Build.0 = Release|Any CPU
		{5368D0CE-6158-43A6-A2A0-03CB94775D8D}.Debug|Any CPU.ActiveCfg = Debug|Any CPU
		{5368D0CE-6158-43A6-A2A0-03CB94775D8D}.Debug|Any CPU.Build.0 = Debug|Any CPU
		{5368D0CE-6158-43A6-A2A0-03CB94775D8D}.Release|Any CPU.ActiveCfg = Release|Any CPU
		{5368D0CE-6158-43A6-A2A0-03CB94775D8D}.Release|Any CPU.Build.0 = Release|Any CPU
		{4D97446B-5E54-482C-ABAE-857577274B0B}.Debug|Any CPU.ActiveCfg = Debug|Any CPU
		{4D97446B-5E54-482C-ABAE-857577274B0B}.Debug|Any CPU.Build.0 = Debug|Any CPU
		{4D97446B-5E54-482C-ABAE-857577274B0B}.Release|Any CPU.ActiveCfg = Release|Any CPU
		{4D97446B-5E54-482C-ABAE-857577274B0B}.Release|Any CPU.Build.0 = Release|Any CPU
		{EE2A8BC3-CA17-4C22-A873-19927BAFB009}.Debug|Any CPU.ActiveCfg = Debug|Any CPU
		{EE2A8BC3-CA17-4C22-A873-19927BAFB009}.Debug|Any CPU.Build.0 = Debug|Any CPU
		{EE2A8BC3-CA17-4C22-A873-19927BAFB009}.Release|Any CPU.ActiveCfg = Release|Any CPU
		{EE2A8BC3-CA17-4C22-A873-19927BAFB009}.Release|Any CPU.Build.0 = Release|Any CPU
		{70FC4EE8-AC84-4774-BC0E-DE26A4B743B1}.Debug|Any CPU.ActiveCfg = Debug|Any CPU
		{70FC4EE8-AC84-4774-BC0E-DE26A4B743B1}.Debug|Any CPU.Build.0 = Debug|Any CPU
		{70FC4EE8-AC84-4774-BC0E-DE26A4B743B1}.Release|Any CPU.ActiveCfg = Release|Any CPU
		{70FC4EE8-AC84-4774-BC0E-DE26A4B743B1}.Release|Any CPU.Build.0 = Release|Any CPU
		{58E21930-A34E-4669-89F6-9322C4847E6D}.Debug|Any CPU.ActiveCfg = Debug|Any CPU
		{58E21930-A34E-4669-89F6-9322C4847E6D}.Debug|Any CPU.Build.0 = Debug|Any CPU
		{58E21930-A34E-4669-89F6-9322C4847E6D}.Release|Any CPU.ActiveCfg = Release|Any CPU
		{58E21930-A34E-4669-89F6-9322C4847E6D}.Release|Any CPU.Build.0 = Release|Any CPU
		{610D8A1D-719B-4ADB-B06F-662EA2C7013F}.Debug|Any CPU.ActiveCfg = Debug|Any CPU
		{610D8A1D-719B-4ADB-B06F-662EA2C7013F}.Debug|Any CPU.Build.0 = Debug|Any CPU
		{610D8A1D-719B-4ADB-B06F-662EA2C7013F}.Release|Any CPU.ActiveCfg = Release|Any CPU
		{610D8A1D-719B-4ADB-B06F-662EA2C7013F}.Release|Any CPU.Build.0 = Release|Any CPU
		{F467EA55-5779-46B6-87E4-00476DE2C401}.Debug|Any CPU.ActiveCfg = Debug|Any CPU
		{F467EA55-5779-46B6-87E4-00476DE2C401}.Debug|Any CPU.Build.0 = Debug|Any CPU
		{F467EA55-5779-46B6-87E4-00476DE2C401}.Release|Any CPU.ActiveCfg = Release|Any CPU
		{F467EA55-5779-46B6-87E4-00476DE2C401}.Release|Any CPU.Build.0 = Release|Any CPU
		{50BA075B-6DD7-419E-B3AD-4876BE930BD5}.Debug|Any CPU.ActiveCfg = Debug|Any CPU
		{50BA075B-6DD7-419E-B3AD-4876BE930BD5}.Debug|Any CPU.Build.0 = Debug|Any CPU
		{50BA075B-6DD7-419E-B3AD-4876BE930BD5}.Release|Any CPU.ActiveCfg = Release|Any CPU
		{50BA075B-6DD7-419E-B3AD-4876BE930BD5}.Release|Any CPU.Build.0 = Release|Any CPU
		{1059AE4E-7391-4AC9-AECE-4B4FBE3AA243}.Debug|Any CPU.ActiveCfg = Debug|Any CPU
		{1059AE4E-7391-4AC9-AECE-4B4FBE3AA243}.Debug|Any CPU.Build.0 = Debug|Any CPU
		{1059AE4E-7391-4AC9-AECE-4B4FBE3AA243}.Release|Any CPU.ActiveCfg = Release|Any CPU
		{1059AE4E-7391-4AC9-AECE-4B4FBE3AA243}.Release|Any CPU.Build.0 = Release|Any CPU
		{9A8C2055-997D-4F95-8FA3-5F01F0402923}.Debug|Any CPU.ActiveCfg = Debug|Any CPU
		{9A8C2055-997D-4F95-8FA3-5F01F0402923}.Debug|Any CPU.Build.0 = Debug|Any CPU
		{9A8C2055-997D-4F95-8FA3-5F01F0402923}.Release|Any CPU.ActiveCfg = Release|Any CPU
		{9A8C2055-997D-4F95-8FA3-5F01F0402923}.Release|Any CPU.Build.0 = Release|Any CPU
		{A93EE1A1-A939-425C-A074-5DAD39BE9EE0}.Debug|Any CPU.ActiveCfg = Debug|Any CPU
		{A93EE1A1-A939-425C-A074-5DAD39BE9EE0}.Debug|Any CPU.Build.0 = Debug|Any CPU
		{A93EE1A1-A939-425C-A074-5DAD39BE9EE0}.Release|Any CPU.ActiveCfg = Release|Any CPU
		{A93EE1A1-A939-425C-A074-5DAD39BE9EE0}.Release|Any CPU.Build.0 = Release|Any CPU
		{AF8FAB5B-029E-438F-AD57-B46681046D3F}.Debug|Any CPU.ActiveCfg = Debug|Any CPU
		{AF8FAB5B-029E-438F-AD57-B46681046D3F}.Debug|Any CPU.Build.0 = Debug|Any CPU
		{AF8FAB5B-029E-438F-AD57-B46681046D3F}.Release|Any CPU.ActiveCfg = Release|Any CPU
		{AF8FAB5B-029E-438F-AD57-B46681046D3F}.Release|Any CPU.Build.0 = Release|Any CPU
		{78F64412-7403-449C-8AC4-C5C0A58E4A0E}.Debug|Any CPU.ActiveCfg = Debug|Any CPU
		{78F64412-7403-449C-8AC4-C5C0A58E4A0E}.Debug|Any CPU.Build.0 = Debug|Any CPU
		{78F64412-7403-449C-8AC4-C5C0A58E4A0E}.Release|Any CPU.ActiveCfg = Release|Any CPU
		{78F64412-7403-449C-8AC4-C5C0A58E4A0E}.Release|Any CPU.Build.0 = Release|Any CPU
		{704B35B0-9029-46CE-AEA2-A3A3AD3FC2C4}.Debug|Any CPU.ActiveCfg = Debug|Any CPU
		{704B35B0-9029-46CE-AEA2-A3A3AD3FC2C4}.Debug|Any CPU.Build.0 = Debug|Any CPU
		{704B35B0-9029-46CE-AEA2-A3A3AD3FC2C4}.Release|Any CPU.ActiveCfg = Release|Any CPU
		{704B35B0-9029-46CE-AEA2-A3A3AD3FC2C4}.Release|Any CPU.Build.0 = Release|Any CPU
		{8B85B3BF-E35A-4CAD-AC82-B8AB1DE72737}.Debug|Any CPU.ActiveCfg = Debug|Any CPU
		{8B85B3BF-E35A-4CAD-AC82-B8AB1DE72737}.Debug|Any CPU.Build.0 = Debug|Any CPU
		{8B85B3BF-E35A-4CAD-AC82-B8AB1DE72737}.Release|Any CPU.ActiveCfg = Release|Any CPU
		{8B85B3BF-E35A-4CAD-AC82-B8AB1DE72737}.Release|Any CPU.Build.0 = Release|Any CPU
		{7A5A4B14-5EC7-48AC-B1FF-2ECF44C5DB80}.Debug|Any CPU.ActiveCfg = Debug|Any CPU
		{7A5A4B14-5EC7-48AC-B1FF-2ECF44C5DB80}.Debug|Any CPU.Build.0 = Debug|Any CPU
		{7A5A4B14-5EC7-48AC-B1FF-2ECF44C5DB80}.Release|Any CPU.ActiveCfg = Release|Any CPU
		{7A5A4B14-5EC7-48AC-B1FF-2ECF44C5DB80}.Release|Any CPU.Build.0 = Release|Any CPU
		{EAAF2903-BE4E-4190-8AE8-D535255B3348}.Debug|Any CPU.ActiveCfg = Debug|Any CPU
		{EAAF2903-BE4E-4190-8AE8-D535255B3348}.Debug|Any CPU.Build.0 = Debug|Any CPU
		{EAAF2903-BE4E-4190-8AE8-D535255B3348}.Release|Any CPU.ActiveCfg = Release|Any CPU
		{EAAF2903-BE4E-4190-8AE8-D535255B3348}.Release|Any CPU.Build.0 = Release|Any CPU
		{B179376F-9319-4EBF-B986-471C68E35863}.Debug|Any CPU.ActiveCfg = Debug|Any CPU
		{B179376F-9319-4EBF-B986-471C68E35863}.Debug|Any CPU.Build.0 = Debug|Any CPU
		{B179376F-9319-4EBF-B986-471C68E35863}.Release|Any CPU.ActiveCfg = Release|Any CPU
		{B179376F-9319-4EBF-B986-471C68E35863}.Release|Any CPU.Build.0 = Release|Any CPU
		{B89155F2-D532-4B3A-8F82-26DF4D277E71}.Debug|Any CPU.ActiveCfg = Debug|Any CPU
		{B89155F2-D532-4B3A-8F82-26DF4D277E71}.Debug|Any CPU.Build.0 = Debug|Any CPU
		{B89155F2-D532-4B3A-8F82-26DF4D277E71}.Release|Any CPU.ActiveCfg = Release|Any CPU
		{B89155F2-D532-4B3A-8F82-26DF4D277E71}.Release|Any CPU.Build.0 = Release|Any CPU
		{5846D387-8371-4E49-97B7-2B5E688FC0FD}.Debug|Any CPU.ActiveCfg = Debug|Any CPU
		{5846D387-8371-4E49-97B7-2B5E688FC0FD}.Debug|Any CPU.Build.0 = Debug|Any CPU
		{5846D387-8371-4E49-97B7-2B5E688FC0FD}.Release|Any CPU.ActiveCfg = Release|Any CPU
		{5846D387-8371-4E49-97B7-2B5E688FC0FD}.Release|Any CPU.Build.0 = Release|Any CPU
		{A8C605D7-3552-44D8-AD8D-4EA08B68CF33}.Debug|Any CPU.ActiveCfg = Debug|Any CPU
		{A8C605D7-3552-44D8-AD8D-4EA08B68CF33}.Debug|Any CPU.Build.0 = Debug|Any CPU
		{A8C605D7-3552-44D8-AD8D-4EA08B68CF33}.Release|Any CPU.ActiveCfg = Release|Any CPU
		{A8C605D7-3552-44D8-AD8D-4EA08B68CF33}.Release|Any CPU.Build.0 = Release|Any CPU
		{A0502179-D200-49AE-9897-A6B189A75B45}.Debug|Any CPU.ActiveCfg = Debug|Any CPU
		{A0502179-D200-49AE-9897-A6B189A75B45}.Debug|Any CPU.Build.0 = Debug|Any CPU
		{A0502179-D200-49AE-9897-A6B189A75B45}.Release|Any CPU.ActiveCfg = Release|Any CPU
		{A0502179-D200-49AE-9897-A6B189A75B45}.Release|Any CPU.Build.0 = Release|Any CPU
		{B94ADCF5-E80F-4350-918D-4205B8C2F41B}.Debug|Any CPU.ActiveCfg = Debug|Any CPU
		{B94ADCF5-E80F-4350-918D-4205B8C2F41B}.Debug|Any CPU.Build.0 = Debug|Any CPU
		{B94ADCF5-E80F-4350-918D-4205B8C2F41B}.Release|Any CPU.ActiveCfg = Release|Any CPU
		{B94ADCF5-E80F-4350-918D-4205B8C2F41B}.Release|Any CPU.Build.0 = Release|Any CPU
		{A3B75BE5-A26A-46AC-9C1F-64CDCB2D413B}.Debug|Any CPU.ActiveCfg = Debug|Any CPU
		{A3B75BE5-A26A-46AC-9C1F-64CDCB2D413B}.Debug|Any CPU.Build.0 = Debug|Any CPU
		{A3B75BE5-A26A-46AC-9C1F-64CDCB2D413B}.Release|Any CPU.ActiveCfg = Release|Any CPU
		{A3B75BE5-A26A-46AC-9C1F-64CDCB2D413B}.Release|Any CPU.Build.0 = Release|Any CPU
		{3FA2B587-8490-4874-8318-84C1CBA2B111}.Debug|Any CPU.ActiveCfg = Debug|Any CPU
		{3FA2B587-8490-4874-8318-84C1CBA2B111}.Debug|Any CPU.Build.0 = Debug|Any CPU
		{3FA2B587-8490-4874-8318-84C1CBA2B111}.Release|Any CPU.ActiveCfg = Release|Any CPU
		{3FA2B587-8490-4874-8318-84C1CBA2B111}.Release|Any CPU.Build.0 = Release|Any CPU
		{F824A598-F19F-4A32-A28E-FF2FE96EFC10}.Debug|Any CPU.ActiveCfg = Debug|Any CPU
		{F824A598-F19F-4A32-A28E-FF2FE96EFC10}.Debug|Any CPU.Build.0 = Debug|Any CPU
		{F824A598-F19F-4A32-A28E-FF2FE96EFC10}.Release|Any CPU.ActiveCfg = Release|Any CPU
		{F824A598-F19F-4A32-A28E-FF2FE96EFC10}.Release|Any CPU.Build.0 = Release|Any CPU
		{00BFD602-245D-4052-8B8C-7AA319BBD567}.Debug|Any CPU.ActiveCfg = Debug|Any CPU
		{00BFD602-245D-4052-8B8C-7AA319BBD567}.Debug|Any CPU.Build.0 = Debug|Any CPU
		{00BFD602-245D-4052-8B8C-7AA319BBD567}.Release|Any CPU.ActiveCfg = Release|Any CPU
		{00BFD602-245D-4052-8B8C-7AA319BBD567}.Release|Any CPU.Build.0 = Release|Any CPU
		{8D796D5A-9FC6-491B-906D-50B2AABAECF3}.Debug|Any CPU.ActiveCfg = Debug|Any CPU
		{8D796D5A-9FC6-491B-906D-50B2AABAECF3}.Debug|Any CPU.Build.0 = Debug|Any CPU
		{8D796D5A-9FC6-491B-906D-50B2AABAECF3}.Release|Any CPU.ActiveCfg = Release|Any CPU
		{8D796D5A-9FC6-491B-906D-50B2AABAECF3}.Release|Any CPU.Build.0 = Release|Any CPU
	EndGlobalSection
	GlobalSection(SolutionProperties) = preSolution
		HideSolutionNode = FALSE
	EndGlobalSection
	GlobalSection(NestedProjects) = preSolution
		{F9B2DBAE-34D5-4CF0-9CBB-67A87580BB6A} = {E3ADE8DE-5F3A-4E76-B22F-2C9435AACA06}
		{88A39824-6367-4809-900A-C1E8BCC08B9D} = {E3ADE8DE-5F3A-4E76-B22F-2C9435AACA06}
		{38040915-5F97-4C51-9DFD-7D53EF544293} = {E3ADE8DE-5F3A-4E76-B22F-2C9435AACA06}
		{D7EE7A21-8ADE-4D06-85BC-EF599F5A10AA} = {F65BE227-30B5-4217-AEC8-AD7F96411702}
		{4DECDA1A-1014-4A4E-B60D-AD51314EEE63} = {CAC2EAD5-5AC7-44A2-9705-F2D8D3012A6F}
		{E8EEF135-302C-444E-8557-5397C52133F0} = {E3ADE8DE-5F3A-4E76-B22F-2C9435AACA06}
		{5368D0CE-6158-43A6-A2A0-03CB94775D8D} = {E3ADE8DE-5F3A-4E76-B22F-2C9435AACA06}
		{4D97446B-5E54-482C-ABAE-857577274B0B} = {E3ADE8DE-5F3A-4E76-B22F-2C9435AACA06}
		{EE2A8BC3-CA17-4C22-A873-19927BAFB009} = {E3ADE8DE-5F3A-4E76-B22F-2C9435AACA06}
		{58E21930-A34E-4669-89F6-9322C4847E6D} = {E3ADE8DE-5F3A-4E76-B22F-2C9435AACA06}
		{610D8A1D-719B-4ADB-B06F-662EA2C7013F} = {E3ADE8DE-5F3A-4E76-B22F-2C9435AACA06}
		{F467EA55-5779-46B6-87E4-00476DE2C401} = {E3ADE8DE-5F3A-4E76-B22F-2C9435AACA06}
		{50BA075B-6DD7-419E-B3AD-4876BE930BD5} = {E3ADE8DE-5F3A-4E76-B22F-2C9435AACA06}
		{1059AE4E-7391-4AC9-AECE-4B4FBE3AA243} = {E3ADE8DE-5F3A-4E76-B22F-2C9435AACA06}
		{9A8C2055-997D-4F95-8FA3-5F01F0402923} = {E3ADE8DE-5F3A-4E76-B22F-2C9435AACA06}
		{A93EE1A1-A939-425C-A074-5DAD39BE9EE0} = {E3ADE8DE-5F3A-4E76-B22F-2C9435AACA06}
		{AF8FAB5B-029E-438F-AD57-B46681046D3F} = {CAC2EAD5-5AC7-44A2-9705-F2D8D3012A6F}
		{78F64412-7403-449C-8AC4-C5C0A58E4A0E} = {F65BE227-30B5-4217-AEC8-AD7F96411702}
		{704B35B0-9029-46CE-AEA2-A3A3AD3FC2C4} = {E3ADE8DE-5F3A-4E76-B22F-2C9435AACA06}
		{8B85B3BF-E35A-4CAD-AC82-B8AB1DE72737} = {E3ADE8DE-5F3A-4E76-B22F-2C9435AACA06}
		{7A5A4B14-5EC7-48AC-B1FF-2ECF44C5DB80} = {CF034401-1479-4FEA-9F1E-4F22398D4BCF}
		{EAAF2903-BE4E-4190-8AE8-D535255B3348} = {E3ADE8DE-5F3A-4E76-B22F-2C9435AACA06}
		{B179376F-9319-4EBF-B986-471C68E35863} = {E3ADE8DE-5F3A-4E76-B22F-2C9435AACA06}
		{B89155F2-D532-4B3A-8F82-26DF4D277E71} = {E3ADE8DE-5F3A-4E76-B22F-2C9435AACA06}
		{5846D387-8371-4E49-97B7-2B5E688FC0FD} = {30ADB177-C82F-49A7-8FA7-C32996543C4A}
		{A8C605D7-3552-44D8-AD8D-4EA08B68CF33} = {30ADB177-C82F-49A7-8FA7-C32996543C4A}
		{A0502179-D200-49AE-9897-A6B189A75B45} = {E3ADE8DE-5F3A-4E76-B22F-2C9435AACA06}
		{A3B75BE5-A26A-46AC-9C1F-64CDCB2D413B} = {C76A8400-CEFF-4E68-B632-CC4E888C6A31}
		{3FA2B587-8490-4874-8318-84C1CBA2B111} = {E3ADE8DE-5F3A-4E76-B22F-2C9435AACA06}
		{F824A598-F19F-4A32-A28E-FF2FE96EFC10} = {E3ADE8DE-5F3A-4E76-B22F-2C9435AACA06}
		{00BFD602-245D-4052-8B8C-7AA319BBD567} = {E3ADE8DE-5F3A-4E76-B22F-2C9435AACA06}
		{8D796D5A-9FC6-491B-906D-50B2AABAECF3} = {E3ADE8DE-5F3A-4E76-B22F-2C9435AACA06}
	EndGlobalSection
	GlobalSection(ExtensibilityGlobals) = postSolution
		SolutionGuid = {9889BCDC-E6A6-448F-B01A-ECFD0FAF294C}
	EndGlobalSection
	GlobalSection(Performance) = preSolution
		HasPerformanceSessions = true
	EndGlobalSection
	GlobalSection(Performance) = preSolution
		HasPerformanceSessions = true
	EndGlobalSection
	GlobalSection(Performance) = preSolution
		HasPerformanceSessions = true
	EndGlobalSection
	GlobalSection(Performance) = preSolution
		HasPerformanceSessions = true
	EndGlobalSection
	GlobalSection(Performance) = preSolution
		HasPerformanceSessions = true
	EndGlobalSection
	GlobalSection(Performance) = preSolution
		HasPerformanceSessions = true
	EndGlobalSection
EndGlobal
