
Microsoft Visual Studio Solution File, Format Version 12.00
# Visual Studio 15
VisualStudioVersion = 15.0.27130.2010
MinimumVisualStudioVersion = 10.0.40219.1
Project("{9A19103F-16F7-4668-BE54-9A1E7A4F7556}") = "Surging.Core.Common", "Surging.Core\Surging.Core.Common\Surging.Core.Common.csproj", "{F9B2DBAE-34D5-4CF0-9CBB-67A87580BB6A}"
EndProject
Project("{9A19103F-16F7-4668-BE54-9A1E7A4F7556}") = "Surging.Core.System", "Surging.Core\Surging.Core.System\Surging.Core.System.csproj", "{FD8C861A-1534-4B53-946B-912F3B68C4DB}"
EndProject
Project("{2150E333-8FDC-42A3-9474-1A3956D46DE8}") = "Surging.Core", "Surging.Core", "{E3ADE8DE-5F3A-4E76-B22F-2C9435AACA06}"
EndProject
Project("{2150E333-8FDC-42A3-9474-1A3956D46DE8}") = "Surging.Modules", "Surging.Modules", "{CAC2EAD5-5AC7-44A2-9705-F2D8D3012A6F}"
EndProject
Project("{2150E333-8FDC-42A3-9474-1A3956D46DE8}") = "Surging.Services", "Surging.Services", "{30ADB177-C82F-49A7-8FA7-C32996543C4A}"
EndProject
Project("{2150E333-8FDC-42A3-9474-1A3956D46DE8}") = "Surging.IModuleServices", "Surging.IModuleServices", "{F65BE227-30B5-4217-AEC8-AD7F96411702}"
EndProject
Project("{9A19103F-16F7-4668-BE54-9A1E7A4F7556}") = "Surging.Core.Caching", "Surging.Core\Surging.Core.Caching\Surging.Core.Caching.csproj", "{88A39824-6367-4809-900A-C1E8BCC08B9D}"
EndProject
Project("{9A19103F-16F7-4668-BE54-9A1E7A4F7556}") = "Surging.Core.DotNetty", "Surging.Core\Surging.Core.DotNetty\Surging.Core.DotNetty.csproj", "{38040915-5F97-4C51-9DFD-7D53EF544293}"
EndProject
Project("{9A19103F-16F7-4668-BE54-9A1E7A4F7556}") = "Surging.Services.Server", "Surging.Services\Surging.Services.Server\Surging.Services.Server.csproj", "{38176595-3130-4FEC-BB07-CAFE775B681C}"
EndProject
Project("{9A19103F-16F7-4668-BE54-9A1E7A4F7556}") = "Surging.Services.Client", "Surging.Services\Surging.Services.Client\Surging.Services.Client.csproj", "{D326D7EF-7D4B-410C-B144-AEBB5E3E8852}"
EndProject
Project("{9A19103F-16F7-4668-BE54-9A1E7A4F7556}") = "Surging.IModuleServices.Common", "Surging.IModuleServices\Surging.IModuleServices.Common\Surging.IModuleServices.Common.csproj", "{D7EE7A21-8ADE-4D06-85BC-EF599F5A10AA}"
EndProject
Project("{9A19103F-16F7-4668-BE54-9A1E7A4F7556}") = "Surging.Modules.Common", "Surging.Modules\Surging.Modules.Common\Surging.Modules.Common.csproj", "{4DECDA1A-1014-4A4E-B60D-AD51314EEE63}"
EndProject
Project("{9A19103F-16F7-4668-BE54-9A1E7A4F7556}") = "Surging.Core.ProxyGenerator", "Surging.Core\Surging.Core.ProxyGenerator\Surging.Core.ProxyGenerator.csproj", "{E8EEF135-302C-444E-8557-5397C52133F0}"
EndProject
Project("{9A19103F-16F7-4668-BE54-9A1E7A4F7556}") = "Surging.Core.Zookeeper", "Surging.Core\Surging.Core.Zookeeper\Surging.Core.Zookeeper.csproj", "{5368D0CE-6158-43A6-A2A0-03CB94775D8D}"
EndProject
Project("{9A19103F-16F7-4668-BE54-9A1E7A4F7556}") = "Surging.Core.CPlatform", "Surging.Core\Surging.Core.CPlatform\Surging.Core.CPlatform.csproj", "{4D97446B-5E54-482C-ABAE-857577274B0B}"
EndProject
Project("{9A19103F-16F7-4668-BE54-9A1E7A4F7556}") = "Surging.Core.EventBusRabbitMQ", "Surging.Core\Surging.Core.EventBusRabbitMQ\Surging.Core.EventBusRabbitMQ.csproj", "{EE2A8BC3-CA17-4C22-A873-19927BAFB009}"
EndProject
Project("{9A19103F-16F7-4668-BE54-9A1E7A4F7556}") = "Surging.ApiGateway", "Surging.ApiGateway\Surging.ApiGateway.csproj", "{70FC4EE8-AC84-4774-BC0E-DE26A4B743B1}"
EndProject
Project("{9A19103F-16F7-4668-BE54-9A1E7A4F7556}") = "Surging.Core.ApiGateWay", "Surging.Core\Surging.Core.ApiGateWay\Surging.Core.ApiGateWay.csproj", "{58E21930-A34E-4669-89F6-9322C4847E6D}"
EndProject
Project("{9A19103F-16F7-4668-BE54-9A1E7A4F7556}") = "Surging.Core.ServiceHosting", "Surging.Core\Surging.Core.ServiceHosting\Surging.Core.ServiceHosting.csproj", "{610D8A1D-719B-4ADB-B06F-662EA2C7013F}"
EndProject
Project("{9A19103F-16F7-4668-BE54-9A1E7A4F7556}") = "Surging.Core.Consul", "Surging.Core\Surging.Core.Consul\Surging.Core.Consul.csproj", "{F467EA55-5779-46B6-87E4-00476DE2C401}"
EndProject
Project("{9A19103F-16F7-4668-BE54-9A1E7A4F7556}") = "Surging.Core.Codec.ProtoBuffer", "Surging.Core\Surging.Core.Codec.ProtoBuffer\Surging.Core.Codec.ProtoBuffer.csproj", "{50BA075B-6DD7-419E-B3AD-4876BE930BD5}"
EndProject
Project("{9A19103F-16F7-4668-BE54-9A1E7A4F7556}") = "Surging.Core.Codec.MessagePack", "Surging.Core\Surging.Core.Codec.MessagePack\Surging.Core.Codec.MessagePack.csproj", "{1059AE4E-7391-4AC9-AECE-4B4FBE3AA243}"
EndProject
Project("{9A19103F-16F7-4668-BE54-9A1E7A4F7556}") = "Surging.Core.Log4net", "Surging.Core\Surging.Core.Log4net\Surging.Core.Log4net.csproj", "{9A8C2055-997D-4F95-8FA3-5F01F0402923}"
EndProject
Project("{9A19103F-16F7-4668-BE54-9A1E7A4F7556}") = "Surging.Core.EventBusKafka", "Surging.Core\Surging.Core.EventBusKafka\Surging.Core.EventBusKafka.csproj", "{A93EE1A1-A939-425C-A074-5DAD39BE9EE0}"
EndProject
Project("{9A19103F-16F7-4668-BE54-9A1E7A4F7556}") = "Surging.Modules.Manager", "Surging.Modules\Surging.Modules.Manager\Surging.Modules.Manager.csproj", "{AF8FAB5B-029E-438F-AD57-B46681046D3F}"
EndProject
Project("{9A19103F-16F7-4668-BE54-9A1E7A4F7556}") = "Surging.IModuleServices.Manager", "Surging.IModuleServices\Surging.IModuleServices.Manger\Surging.IModuleServices.Manager.csproj", "{78F64412-7403-449C-8AC4-C5C0A58E4A0E}"
EndProject
Project("{9A19103F-16F7-4668-BE54-9A1E7A4F7556}") = "Surging.Core.Nlog", "Surging.Core\Surging.Core.NLog\Surging.Core.Nlog.csproj", "{704B35B0-9029-46CE-AEA2-A3A3AD3FC2C4}"
EndProject
Project("{E53339B2-1760-4266-BCC7-CA923CBCF16C}") = "docker-compose", "docker-compose.dcproj", "{117D3803-8937-4A28-B296-46BBF945FD7B}"
EndProject
Global
	GlobalSection(SolutionConfigurationPlatforms) = preSolution
		Debug|Any CPU = Debug|Any CPU
		Release|Any CPU = Release|Any CPU
	EndGlobalSection
	GlobalSection(ProjectConfigurationPlatforms) = postSolution
		{F9B2DBAE-34D5-4CF0-9CBB-67A87580BB6A}.Debug|Any CPU.ActiveCfg = Debug|Any CPU
		{F9B2DBAE-34D5-4CF0-9CBB-67A87580BB6A}.Debug|Any CPU.Build.0 = Debug|Any CPU
		{F9B2DBAE-34D5-4CF0-9CBB-67A87580BB6A}.Release|Any CPU.ActiveCfg = Release|Any CPU
		{F9B2DBAE-34D5-4CF0-9CBB-67A87580BB6A}.Release|Any CPU.Build.0 = Release|Any CPU
		{FD8C861A-1534-4B53-946B-912F3B68C4DB}.Debug|Any CPU.ActiveCfg = Debug|Any CPU
		{FD8C861A-1534-4B53-946B-912F3B68C4DB}.Debug|Any CPU.Build.0 = Debug|Any CPU
		{FD8C861A-1534-4B53-946B-912F3B68C4DB}.Release|Any CPU.ActiveCfg = Release|Any CPU
		{FD8C861A-1534-4B53-946B-912F3B68C4DB}.Release|Any CPU.Build.0 = Release|Any CPU
		{88A39824-6367-4809-900A-C1E8BCC08B9D}.Debug|Any CPU.ActiveCfg = Debug|Any CPU
		{88A39824-6367-4809-900A-C1E8BCC08B9D}.Debug|Any CPU.Build.0 = Debug|Any CPU
		{88A39824-6367-4809-900A-C1E8BCC08B9D}.Release|Any CPU.ActiveCfg = Release|Any CPU
		{88A39824-6367-4809-900A-C1E8BCC08B9D}.Release|Any CPU.Build.0 = Release|Any CPU
		{38040915-5F97-4C51-9DFD-7D53EF544293}.Debug|Any CPU.ActiveCfg = Debug|Any CPU
		{38040915-5F97-4C51-9DFD-7D53EF544293}.Debug|Any CPU.Build.0 = Debug|Any CPU
		{38040915-5F97-4C51-9DFD-7D53EF544293}.Release|Any CPU.ActiveCfg = Release|Any CPU
		{38040915-5F97-4C51-9DFD-7D53EF544293}.Release|Any CPU.Build.0 = Release|Any CPU
		{38176595-3130-4FEC-BB07-CAFE775B681C}.Debug|Any CPU.ActiveCfg = Debug|Any CPU
		{38176595-3130-4FEC-BB07-CAFE775B681C}.Debug|Any CPU.Build.0 = Debug|Any CPU
		{38176595-3130-4FEC-BB07-CAFE775B681C}.Release|Any CPU.ActiveCfg = Release|Any CPU
		{38176595-3130-4FEC-BB07-CAFE775B681C}.Release|Any CPU.Build.0 = Release|Any CPU
		{D326D7EF-7D4B-410C-B144-AEBB5E3E8852}.Debug|Any CPU.ActiveCfg = Debug|Any CPU
		{D326D7EF-7D4B-410C-B144-AEBB5E3E8852}.Debug|Any CPU.Build.0 = Debug|Any CPU
		{D326D7EF-7D4B-410C-B144-AEBB5E3E8852}.Release|Any CPU.ActiveCfg = Release|Any CPU
		{D326D7EF-7D4B-410C-B144-AEBB5E3E8852}.Release|Any CPU.Build.0 = Release|Any CPU
		{D7EE7A21-8ADE-4D06-85BC-EF599F5A10AA}.Debug|Any CPU.ActiveCfg = Debug|Any CPU
		{D7EE7A21-8ADE-4D06-85BC-EF599F5A10AA}.Debug|Any CPU.Build.0 = Debug|Any CPU
		{D7EE7A21-8ADE-4D06-85BC-EF599F5A10AA}.Release|Any CPU.ActiveCfg = Release|Any CPU
		{D7EE7A21-8ADE-4D06-85BC-EF599F5A10AA}.Release|Any CPU.Build.0 = Release|Any CPU
		{4DECDA1A-1014-4A4E-B60D-AD51314EEE63}.Debug|Any CPU.ActiveCfg = Debug|Any CPU
		{4DECDA1A-1014-4A4E-B60D-AD51314EEE63}.Debug|Any CPU.Build.0 = Debug|Any CPU
		{4DECDA1A-1014-4A4E-B60D-AD51314EEE63}.Release|Any CPU.ActiveCfg = Release|Any CPU
		{4DECDA1A-1014-4A4E-B60D-AD51314EEE63}.Release|Any CPU.Build.0 = Release|Any CPU
		{E8EEF135-302C-444E-8557-5397C52133F0}.Debug|Any CPU.ActiveCfg = Debug|Any CPU
		{E8EEF135-302C-444E-8557-5397C52133F0}.Debug|Any CPU.Build.0 = Debug|Any CPU
		{E8EEF135-302C-444E-8557-5397C52133F0}.Release|Any CPU.ActiveCfg = Release|Any CPU
		{E8EEF135-302C-444E-8557-5397C52133F0}.Release|Any CPU.Build.0 = Release|Any CPU
		{5368D0CE-6158-43A6-A2A0-03CB94775D8D}.Debug|Any CPU.ActiveCfg = Debug|Any CPU
		{5368D0CE-6158-43A6-A2A0-03CB94775D8D}.Debug|Any CPU.Build.0 = Debug|Any CPU
		{5368D0CE-6158-43A6-A2A0-03CB94775D8D}.Release|Any CPU.ActiveCfg = Release|Any CPU
		{5368D0CE-6158-43A6-A2A0-03CB94775D8D}.Release|Any CPU.Build.0 = Release|Any CPU
		{4D97446B-5E54-482C-ABAE-857577274B0B}.Debug|Any CPU.ActiveCfg = Debug|Any CPU
		{4D97446B-5E54-482C-ABAE-857577274B0B}.Debug|Any CPU.Build.0 = Debug|Any CPU
		{4D97446B-5E54-482C-ABAE-857577274B0B}.Release|Any CPU.ActiveCfg = Release|Any CPU
		{4D97446B-5E54-482C-ABAE-857577274B0B}.Release|Any CPU.Build.0 = Release|Any CPU
		{EE2A8BC3-CA17-4C22-A873-19927BAFB009}.Debug|Any CPU.ActiveCfg = Debug|Any CPU
		{EE2A8BC3-CA17-4C22-A873-19927BAFB009}.Debug|Any CPU.Build.0 = Debug|Any CPU
		{EE2A8BC3-CA17-4C22-A873-19927BAFB009}.Release|Any CPU.ActiveCfg = Release|Any CPU
		{EE2A8BC3-CA17-4C22-A873-19927BAFB009}.Release|Any CPU.Build.0 = Release|Any CPU
		{70FC4EE8-AC84-4774-BC0E-DE26A4B743B1}.Debug|Any CPU.ActiveCfg = Debug|Any CPU
		{70FC4EE8-AC84-4774-BC0E-DE26A4B743B1}.Debug|Any CPU.Build.0 = Debug|Any CPU
		{70FC4EE8-AC84-4774-BC0E-DE26A4B743B1}.Release|Any CPU.ActiveCfg = Release|Any CPU
		{70FC4EE8-AC84-4774-BC0E-DE26A4B743B1}.Release|Any CPU.Build.0 = Release|Any CPU
		{58E21930-A34E-4669-89F6-9322C4847E6D}.Debug|Any CPU.ActiveCfg = Debug|Any CPU
		{58E21930-A34E-4669-89F6-9322C4847E6D}.Debug|Any CPU.Build.0 = Debug|Any CPU
		{58E21930-A34E-4669-89F6-9322C4847E6D}.Release|Any CPU.ActiveCfg = Release|Any CPU
		{58E21930-A34E-4669-89F6-9322C4847E6D}.Release|Any CPU.Build.0 = Release|Any CPU
		{610D8A1D-719B-4ADB-B06F-662EA2C7013F}.Debug|Any CPU.ActiveCfg = Debug|Any CPU
		{610D8A1D-719B-4ADB-B06F-662EA2C7013F}.Debug|Any CPU.Build.0 = Debug|Any CPU
		{610D8A1D-719B-4ADB-B06F-662EA2C7013F}.Release|Any CPU.ActiveCfg = Release|Any CPU
		{610D8A1D-719B-4ADB-B06F-662EA2C7013F}.Release|Any CPU.Build.0 = Release|Any CPU
		{F467EA55-5779-46B6-87E4-00476DE2C401}.Debug|Any CPU.ActiveCfg = Debug|Any CPU
		{F467EA55-5779-46B6-87E4-00476DE2C401}.Debug|Any CPU.Build.0 = Debug|Any CPU
		{F467EA55-5779-46B6-87E4-00476DE2C401}.Release|Any CPU.ActiveCfg = Release|Any CPU
		{F467EA55-5779-46B6-87E4-00476DE2C401}.Release|Any CPU.Build.0 = Release|Any CPU
		{50BA075B-6DD7-419E-B3AD-4876BE930BD5}.Debug|Any CPU.ActiveCfg = Debug|Any CPU
		{50BA075B-6DD7-419E-B3AD-4876BE930BD5}.Debug|Any CPU.Build.0 = Debug|Any CPU
		{50BA075B-6DD7-419E-B3AD-4876BE930BD5}.Release|Any CPU.ActiveCfg = Release|Any CPU
		{50BA075B-6DD7-419E-B3AD-4876BE930BD5}.Release|Any CPU.Build.0 = Release|Any CPU
		{1059AE4E-7391-4AC9-AECE-4B4FBE3AA243}.Debug|Any CPU.ActiveCfg = Debug|Any CPU
		{1059AE4E-7391-4AC9-AECE-4B4FBE3AA243}.Debug|Any CPU.Build.0 = Debug|Any CPU
		{1059AE4E-7391-4AC9-AECE-4B4FBE3AA243}.Release|Any CPU.ActiveCfg = Release|Any CPU
		{1059AE4E-7391-4AC9-AECE-4B4FBE3AA243}.Release|Any CPU.Build.0 = Release|Any CPU
		{9A8C2055-997D-4F95-8FA3-5F01F0402923}.Debug|Any CPU.ActiveCfg = Debug|Any CPU
		{9A8C2055-997D-4F95-8FA3-5F01F0402923}.Debug|Any CPU.Build.0 = Debug|Any CPU
		{9A8C2055-997D-4F95-8FA3-5F01F0402923}.Release|Any CPU.ActiveCfg = Release|Any CPU
		{9A8C2055-997D-4F95-8FA3-5F01F0402923}.Release|Any CPU.Build.0 = Release|Any CPU
		{A93EE1A1-A939-425C-A074-5DAD39BE9EE0}.Debug|Any CPU.ActiveCfg = Debug|Any CPU
		{A93EE1A1-A939-425C-A074-5DAD39BE9EE0}.Debug|Any CPU.Build.0 = Debug|Any CPU
		{A93EE1A1-A939-425C-A074-5DAD39BE9EE0}.Release|Any CPU.ActiveCfg = Release|Any CPU
		{A93EE1A1-A939-425C-A074-5DAD39BE9EE0}.Release|Any CPU.Build.0 = Release|Any CPU
		{AF8FAB5B-029E-438F-AD57-B46681046D3F}.Debug|Any CPU.ActiveCfg = Debug|Any CPU
		{AF8FAB5B-029E-438F-AD57-B46681046D3F}.Debug|Any CPU.Build.0 = Debug|Any CPU
		{AF8FAB5B-029E-438F-AD57-B46681046D3F}.Release|Any CPU.ActiveCfg = Release|Any CPU
		{AF8FAB5B-029E-438F-AD57-B46681046D3F}.Release|Any CPU.Build.0 = Release|Any CPU
		{78F64412-7403-449C-8AC4-C5C0A58E4A0E}.Debug|Any CPU.ActiveCfg = Debug|Any CPU
		{78F64412-7403-449C-8AC4-C5C0A58E4A0E}.Debug|Any CPU.Build.0 = Debug|Any CPU
		{78F64412-7403-449C-8AC4-C5C0A58E4A0E}.Release|Any CPU.ActiveCfg = Release|Any CPU
		{78F64412-7403-449C-8AC4-C5C0A58E4A0E}.Release|Any CPU.Build.0 = Release|Any CPU
		{704B35B0-9029-46CE-AEA2-A3A3AD3FC2C4}.Debug|Any CPU.ActiveCfg = Debug|Any CPU
		{704B35B0-9029-46CE-AEA2-A3A3AD3FC2C4}.Debug|Any CPU.Build.0 = Debug|Any CPU
		{704B35B0-9029-46CE-AEA2-A3A3AD3FC2C4}.Release|Any CPU.ActiveCfg = Release|Any CPU
		{704B35B0-9029-46CE-AEA2-A3A3AD3FC2C4}.Release|Any CPU.Build.0 = Release|Any CPU
		{117D3803-8937-4A28-B296-46BBF945FD7B}.Debug|Any CPU.ActiveCfg = Debug|Any CPU
		{117D3803-8937-4A28-B296-46BBF945FD7B}.Debug|Any CPU.Build.0 = Debug|Any CPU
		{117D3803-8937-4A28-B296-46BBF945FD7B}.Release|Any CPU.ActiveCfg = Release|Any CPU
		{117D3803-8937-4A28-B296-46BBF945FD7B}.Release|Any CPU.Build.0 = Release|Any CPU
	EndGlobalSection
	GlobalSection(SolutionProperties) = preSolution
		HideSolutionNode = FALSE
	EndGlobalSection
	GlobalSection(NestedProjects) = preSolution
		{F9B2DBAE-34D5-4CF0-9CBB-67A87580BB6A} = {E3ADE8DE-5F3A-4E76-B22F-2C9435AACA06}
		{FD8C861A-1534-4B53-946B-912F3B68C4DB} = {E3ADE8DE-5F3A-4E76-B22F-2C9435AACA06}
		{88A39824-6367-4809-900A-C1E8BCC08B9D} = {E3ADE8DE-5F3A-4E76-B22F-2C9435AACA06}
		{38040915-5F97-4C51-9DFD-7D53EF544293} = {E3ADE8DE-5F3A-4E76-B22F-2C9435AACA06}
		{38176595-3130-4FEC-BB07-CAFE775B681C} = {30ADB177-C82F-49A7-8FA7-C32996543C4A}
		{D326D7EF-7D4B-410C-B144-AEBB5E3E8852} = {30ADB177-C82F-49A7-8FA7-C32996543C4A}
		{D7EE7A21-8ADE-4D06-85BC-EF599F5A10AA} = {F65BE227-30B5-4217-AEC8-AD7F96411702}
		{4DECDA1A-1014-4A4E-B60D-AD51314EEE63} = {CAC2EAD5-5AC7-44A2-9705-F2D8D3012A6F}
		{E8EEF135-302C-444E-8557-5397C52133F0} = {E3ADE8DE-5F3A-4E76-B22F-2C9435AACA06}
		{5368D0CE-6158-43A6-A2A0-03CB94775D8D} = {E3ADE8DE-5F3A-4E76-B22F-2C9435AACA06}
		{4D97446B-5E54-482C-ABAE-857577274B0B} = {E3ADE8DE-5F3A-4E76-B22F-2C9435AACA06}
		{EE2A8BC3-CA17-4C22-A873-19927BAFB009} = {E3ADE8DE-5F3A-4E76-B22F-2C9435AACA06}
		{58E21930-A34E-4669-89F6-9322C4847E6D} = {E3ADE8DE-5F3A-4E76-B22F-2C9435AACA06}
		{610D8A1D-719B-4ADB-B06F-662EA2C7013F} = {E3ADE8DE-5F3A-4E76-B22F-2C9435AACA06}
		{F467EA55-5779-46B6-87E4-00476DE2C401} = {E3ADE8DE-5F3A-4E76-B22F-2C9435AACA06}
		{50BA075B-6DD7-419E-B3AD-4876BE930BD5} = {E3ADE8DE-5F3A-4E76-B22F-2C9435AACA06}
		{1059AE4E-7391-4AC9-AECE-4B4FBE3AA243} = {E3ADE8DE-5F3A-4E76-B22F-2C9435AACA06}
		{9A8C2055-997D-4F95-8FA3-5F01F0402923} = {E3ADE8DE-5F3A-4E76-B22F-2C9435AACA06}
		{A93EE1A1-A939-425C-A074-5DAD39BE9EE0} = {E3ADE8DE-5F3A-4E76-B22F-2C9435AACA06}
		{AF8FAB5B-029E-438F-AD57-B46681046D3F} = {CAC2EAD5-5AC7-44A2-9705-F2D8D3012A6F}
		{78F64412-7403-449C-8AC4-C5C0A58E4A0E} = {F65BE227-30B5-4217-AEC8-AD7F96411702}
		{704B35B0-9029-46CE-AEA2-A3A3AD3FC2C4} = {E3ADE8DE-5F3A-4E76-B22F-2C9435AACA06}
	EndGlobalSection
	GlobalSection(ExtensibilityGlobals) = postSolution
		SolutionGuid = {9889BCDC-E6A6-448F-B01A-ECFD0FAF294C}
	EndGlobalSection
	GlobalSection(Performance) = preSolution
		HasPerformanceSessions = true
	EndGlobalSection
	GlobalSection(Performance) = preSolution
		HasPerformanceSessions = true
	EndGlobalSection
	GlobalSection(Performance) = preSolution
		HasPerformanceSessions = true
	EndGlobalSection
	GlobalSection(Performance) = preSolution
		HasPerformanceSessions = true
	EndGlobalSection
	GlobalSection(Performance) = preSolution
		HasPerformanceSessions = true
	EndGlobalSection
	GlobalSection(Performance) = preSolution
		HasPerformanceSessions = true
	EndGlobalSection
EndGlobal
